{
  "nodes": {
    "agenix": {
      "inputs": {
        "nixpkgs": [
          "nixpkgs"
        ]
      },
      "locked": {
        "lastModified": 1637793790,
        "narHash": "sha256-oPXavjxETEWGXq8g7kQHyRLKUmLX2yPtGn+t3V0mrTY=",
        "owner": "ryantm",
        "repo": "agenix",
        "rev": "f85eea0e29fa9a8924571d0e398215e175f80d55",
        "type": "github"
      },
      "original": {
        "owner": "ryantm",
        "repo": "agenix",
        "type": "github"
      }
    },
    "cachix": {
      "locked": {
        "lastModified": 1637875414,
        "narHash": "sha256-Ica++SXFuLyxX9Q7YxhfZulUif6/gwM8AEQYlUxqSgE=",
        "owner": "nixos",
        "repo": "nixpkgs",
        "rev": "3bea86e918d8b54aa49780505d2d4cd9261413be",
        "type": "github"
      },
      "original": {
        "owner": "nixos",
        "ref": "nixos-21.05",
        "repo": "nixpkgs",
        "type": "github"
      }
    },
    "emacs": {
      "locked": {
        "lastModified": 1637976971,
        "narHash": "sha256-SRyqSwo92S/dMYsTPJb5fMsSevqxrdU2HYEyIzj/yvc=",
        "owner": "nix-community",
        "repo": "emacs-overlay",
        "rev": "8b2ebdd913ae499cd066bcdf392ed59172d11005",
        "type": "github"
      },
      "original": {
        "owner": "nix-community",
        "repo": "emacs-overlay",
        "type": "github"
      }
    },
    "flake-utils": {
      "locked": {
        "lastModified": 1637014545,
        "narHash": "sha256-26IZAc5yzlD9FlDT54io1oqG/bBoyka+FJk5guaX4x4=",
        "owner": "numtide",
        "repo": "flake-utils",
        "rev": "bba5dcc8e0b20ab664967ad83d24d64cb64ec4f4",
        "type": "github"
      },
      "original": {
        "owner": "numtide",
        "repo": "flake-utils",
        "type": "github"
      }
    },
    "home-manager": {
      "inputs": {
        "nixpkgs": [
          "nixpkgs"
        ]
      },
      "locked": {
        "lastModified": 1637915295,
        "narHash": "sha256-jWW2Q83O4O/TV3PDsZkEo0bhKzlLBhJ5CGqQFMM05lE=",
        "owner": "nix-community",
        "repo": "home-manager",
        "rev": "a28cf79a78040b4e6d8d50a39760a296d5e95dd6",
        "type": "github"
      },
      "original": {
        "owner": "nix-community",
        "repo": "home-manager",
        "type": "github"
      }
    },
    "nixos-hardware": {
      "locked": {
        "lastModified": 1637831601,
        "narHash": "sha256-axRY9AehHGXfU52RK3oqDNXd9F92Tm65vEBQir3tRLI=",
        "owner": "nixos",
        "repo": "nixos-hardware",
        "rev": "aad66afc1cac4a654223f6ba326899c731e57441",
        "type": "github"
      },
      "original": {
        "owner": "nixos",
        "repo": "nixos-hardware",
        "type": "github"
      }
    },
    "nixpkgs": {
      "locked": {
        "lastModified": 1637841632,
        "narHash": "sha256-QYqiKHdda0EOnLGQCHE+GluD/Lq2EJj4hVTooPM55Ic=",
        "owner": "NixOS",
        "repo": "nixpkgs",
        "rev": "73369f8d0864854d1acfa7f1e6217f7d6b6e3fa1",
        "type": "github"
      },
      "original": {
        "id": "nixpkgs",
        "ref": "nixos-unstable",
        "type": "indirect"
      }
    },
    "nixpkgs-master": {
      "locked": {
        "lastModified": 1638001932,
        "narHash": "sha256-B2Hvq9lCw07ZtgmjlSyxuLFS7vszPS/yawRM5POENTA=",
        "owner": "NixOS",
        "repo": "nixpkgs",
        "rev": "d920e9a8c59b302ce0e0cbb0d27103bcbbdfb950",
        "type": "github"
      },
      "original": {
        "id": "nixpkgs",
        "ref": "master",
        "type": "indirect"
      }
    },
    "nixpkgs-tom": {
      "locked": {
        "lastModified": 1634535234,
        "narHash": "sha256-5gsnAvw1bcqB4/sgA73fg/xXvS6ys54RKGBDzus3Ifk=",
        "owner": "tomhoule",
        "repo": "nixpkgs",
        "rev": "995cc4b6a399b85b6802ff00cef99b80b3fac4da",
        "type": "github"
      },
      "original": {
        "owner": "tomhoule",
        "ref": "upgrade/kak-lsp",
        "repo": "nixpkgs",
        "type": "github"
      }
    },
    "nixpkgs-wayland": {
      "inputs": {
        "cachix": "cachix",
        "nixpkgs": [
          "nixpkgs"
        ]
      },
      "locked": {
        "lastModified": 1638002126,
        "narHash": "sha256-26qYpqn3nsCyKmSCF/zFcF3DFLzGZKy2gcDDc0pBD78=",
        "owner": "nix-community",
        "repo": "nixpkgs-wayland",
        "rev": "69365cb144c1e28802a949a5bcbcdd8106d36c76",
        "type": "github"
      },
      "original": {
        "owner": "nix-community",
        "repo": "nixpkgs-wayland",
        "type": "github"
      }
    },
    "nur": {
      "locked": {
        "lastModified": 1637989218,
        "narHash": "sha256-snrFRoh4gw0PlowmkpwdbzjzNuyTqJ1NfRD7ecipnj4=",
        "owner": "nix-community",
        "repo": "NUR",
        "rev": "576490140fc509e8617bd204a45c7534ff94c0cf",
        "type": "github"
      },
      "original": {
        "owner": "nix-community",
        "repo": "NUR",
        "type": "github"
      }
    },
    "root": {
      "inputs": {
        "agenix": "agenix",
        "emacs": "emacs",
        "home-manager": "home-manager",
        "nixos-hardware": "nixos-hardware",
        "nixpkgs": "nixpkgs",
        "nixpkgs-master": "nixpkgs-master",
        "nixpkgs-tom": "nixpkgs-tom",
        "nixpkgs-wayland": "nixpkgs-wayland",
        "nur": "nur",
        "rust-overlay": "rust-overlay"
      }
    },
    "rust-overlay": {
      "inputs": {
        "flake-utils": "flake-utils",
        "nixpkgs": [
          "nixpkgs"
        ]
      },
      "locked": {
        "lastModified": 1637979364,
        "narHash": "sha256-3ezq7B1xP7oHqipDZY6sqpJGxVBqKhKEzdKJNFQKGvA=",
        "owner": "oxalica",
        "repo": "rust-overlay",
        "rev": "ca956156750de3e51aa961eb61d26888886dbdf0",
        "type": "github"
      },
      "original": {
        "owner": "oxalica",
        "repo": "rust-overlay",
        "type": "github"
      }
    }
  },
  "root": "root",
  "version": 7
}
