{
  "nodes": {
    "cachix": {
      "locked": {
        "lastModified": 1634327140,
        "narHash": "sha256-d5L7oMjUVC6VU0cQMsF0tceAPkmzuAQ51DWBFNChbEQ=",
        "owner": "nixos",
        "repo": "nixpkgs",
        "rev": "83667ff60a88e22b76ef4b0bdf5334670b39c2b6",
        "type": "github"
      },
      "original": {
        "owner": "nixos",
        "ref": "nixos-21.05",
        "repo": "nixpkgs",
        "type": "github"
      }
    },
    "emacs": {
      "locked": {
        "lastModified": 1635557938,
        "narHash": "sha256-rRfxzQqeGBJMCccXl3zLMdR/kJ6EyTIn7bhEwJIukLs=",
        "owner": "nix-community",
        "repo": "emacs-overlay",
        "rev": "9d3c41c90ff52da915e691075abe60e30dea41f5",
        "type": "github"
      },
      "original": {
        "owner": "nix-community",
        "repo": "emacs-overlay",
        "type": "github"
      }
    },
    "flake-utils": {
      "locked": {
        "lastModified": 1623875721,
        "narHash": "sha256-A8BU7bjS5GirpAUv4QA+QnJ4CceLHkcXdRp4xITDB0s=",
        "owner": "numtide",
        "repo": "flake-utils",
        "rev": "f7e004a55b120c02ecb6219596820fcd32ca8772",
        "type": "github"
      },
      "original": {
        "owner": "numtide",
        "repo": "flake-utils",
        "type": "github"
      }
    },
    "home-manager": {
      "inputs": {
        "nixpkgs": [
          "nixpkgs"
        ]
      },
      "locked": {
        "lastModified": 1635522650,
        "narHash": "sha256-9tDPrrPSszMYvdub0sh39e4/0MSomvqQvDjlm3xGH6c=",
        "owner": "nix-community",
        "repo": "home-manager",
        "rev": "bc0acdad8c001843d4e22cfa20a6ce84b462ab19",
        "type": "github"
      },
      "original": {
        "owner": "nix-community",
        "repo": "home-manager",
        "type": "github"
      }
    },
    "nixos-hardware": {
      "locked": {
        "lastModified": 1635449388,
        "narHash": "sha256-i7hMiAgpRTGsMPTQKuNCDfW/ftQ+g9N6iaMj+RN6yws=",
        "owner": "nixos",
        "repo": "nixos-hardware",
        "rev": "518b9c2159e7d4b7696ee18b8828f9086012923b",
        "type": "github"
      },
      "original": {
        "owner": "nixos",
        "repo": "nixos-hardware",
        "type": "github"
      }
    },
    "nixpkgs": {
      "locked": {
        "lastModified": 1635403963,
        "narHash": "sha256-0actzfzBAXvvDJ/EvPSGbtCPXUwSObQrcq0RpsPWZgA=",
        "owner": "NixOS",
        "repo": "nixpkgs",
        "rev": "2deb07f3ac4eeb5de1c12c4ba2911a2eb1f6ed61",
        "type": "github"
      },
      "original": {
        "id": "nixpkgs",
        "ref": "nixos-unstable",
        "type": "indirect"
      }
    },
    "nixpkgs-master": {
      "locked": {
        "lastModified": 1635579439,
        "narHash": "sha256-9sMCs7dy9uhpvXeTD+P5c7+zuNGz0S39Qs7oLSCi9FI=",
        "owner": "NixOS",
        "repo": "nixpkgs",
        "rev": "ed756730b792ec9c9d8584e29f80cdc53fbf278e",
        "type": "github"
      },
      "original": {
        "id": "nixpkgs",
        "ref": "master",
        "type": "indirect"
      }
    },
    "nixpkgs-tom": {
      "locked": {
        "lastModified": 1634535234,
        "narHash": "sha256-5gsnAvw1bcqB4/sgA73fg/xXvS6ys54RKGBDzus3Ifk=",
        "owner": "tomhoule",
        "repo": "nixpkgs",
        "rev": "995cc4b6a399b85b6802ff00cef99b80b3fac4da",
        "type": "github"
      },
      "original": {
        "owner": "tomhoule",
        "ref": "upgrade/kak-lsp",
        "repo": "nixpkgs",
        "type": "github"
      }
    },
    "nixpkgs-wayland": {
      "inputs": {
        "cachix": "cachix",
        "nixpkgs": [
          "nixpkgs"
        ]
      },
      "locked": {
        "lastModified": 1635416910,
        "narHash": "sha256-B3HGerp1yiK7Jz9MB/DXGuvsVFuNHTRThdzpGDgwFRw=",
        "owner": "nix-community",
        "repo": "nixpkgs-wayland",
        "rev": "6c42fa0314611ac972ff16759a9f9ecbb239fd29",
        "type": "github"
      },
      "original": {
        "owner": "nix-community",
        "repo": "nixpkgs-wayland",
        "type": "github"
      }
    },
    "nur": {
      "locked": {
        "lastModified": 1635567680,
        "narHash": "sha256-Wv0NnTzeK/z9lj9nAqKI+ygdhlUFOtemGDvSBbY/1a4=",
        "owner": "nix-community",
        "repo": "NUR",
        "rev": "b1fd4e18a128377aec08d40a8c1bfc49f0f92d28",
        "type": "github"
      },
      "original": {
        "owner": "nix-community",
        "repo": "NUR",
        "type": "github"
      }
    },
    "root": {
      "inputs": {
        "emacs": "emacs",
        "home-manager": "home-manager",
        "nixos-hardware": "nixos-hardware",
        "nixpkgs": "nixpkgs",
        "nixpkgs-master": "nixpkgs-master",
        "nixpkgs-tom": "nixpkgs-tom",
        "nixpkgs-wayland": "nixpkgs-wayland",
        "nur": "nur",
        "rust-overlay": "rust-overlay"
      }
    },
    "rust-overlay": {
      "inputs": {
        "flake-utils": "flake-utils",
        "nixpkgs": [
          "nixpkgs"
        ]
      },
      "locked": {
        "lastModified": 1635560147,
        "narHash": "sha256-uylhnj9Y6OomM3Zd5buYC7xR4D2v9BPNwNvWmQ3kxOw=",
        "owner": "oxalica",
        "repo": "rust-overlay",
        "rev": "f6c518539e47688d8782c12787b68e7820972e12",
        "type": "github"
      },
      "original": {
        "owner": "oxalica",
        "repo": "rust-overlay",
        "type": "github"
      }
    }
  },
  "root": "root",
  "version": 7
}
