{
  "nodes": {
    "agenix": {
      "inputs": {
        "nixpkgs": [
          "nixpkgs"
        ]
      },
      "locked": {
        "lastModified": 1638837456,
        "narHash": "sha256-WHLOxthAGx/wXw3QUa/lFE3mr6cQtnXfFYZ0DNyYwt4=",
        "owner": "ryantm",
        "repo": "agenix",
        "rev": "57806bf7e340f4cae705c91748d4fdf8519293a9",
        "type": "github"
      },
      "original": {
        "owner": "ryantm",
        "repo": "agenix",
        "type": "github"
      }
    },
    "cachix": {
      "locked": {
        "lastModified": 1640169700,
        "narHash": "sha256-Y+WR7cpiUTroEtoGR8Q3KMbFARvOiACLLmNQ+/iEz2E=",
        "owner": "nixos",
        "repo": "nixpkgs",
        "rev": "3f0e4de0c2d2c85d7abce260f8c17c8ef5b78e5b",
        "type": "github"
      },
      "original": {
        "owner": "nixos",
        "ref": "nixos-21.05",
        "repo": "nixpkgs",
        "type": "github"
      }
    },
    "emacs": {
      "locked": {
        "lastModified": 1640425494,
        "narHash": "sha256-dfwlHVSntHDsHx9uiEI3KtlTmrzj1w81El20w5STQRg=",
        "owner": "nix-community",
        "repo": "emacs-overlay",
        "rev": "60773a320511907c970bcadda7e18d31596f735b",
        "type": "github"
      },
      "original": {
        "owner": "nix-community",
        "repo": "emacs-overlay",
        "type": "github"
      }
    },
    "flake-utils": {
      "locked": {
        "lastModified": 1637014545,
        "narHash": "sha256-26IZAc5yzlD9FlDT54io1oqG/bBoyka+FJk5guaX4x4=",
        "owner": "numtide",
        "repo": "flake-utils",
        "rev": "bba5dcc8e0b20ab664967ad83d24d64cb64ec4f4",
        "type": "github"
      },
      "original": {
        "owner": "numtide",
        "repo": "flake-utils",
        "type": "github"
      }
    },
    "home-manager": {
      "inputs": {
        "nixpkgs": [
          "nixpkgs"
        ]
      },
      "locked": {
        "lastModified": 1640417317,
        "narHash": "sha256-jT2uMARXs0Xm65ccroFsKyr4LTHSecw+9HAnmBdJO8U=",
        "owner": "nix-community",
        "repo": "home-manager",
        "rev": "48f2b381dd397ec88040d3354ac9c036739ba139",
        "type": "github"
      },
      "original": {
        "owner": "nix-community",
        "repo": "home-manager",
        "type": "github"
      }
    },
    "nixos-hardware": {
      "locked": {
        "lastModified": 1639986101,
        "narHash": "sha256-Ow0+pkY7qMw6lMAvR1mEdUT9svJnrkbaRoqp4bkMTpg=",
        "owner": "nixos",
        "repo": "nixos-hardware",
        "rev": "3f92db38374b2977aea8daf4c4fe2fa0eddbd60c",
        "type": "github"
      },
      "original": {
        "owner": "nixos",
        "repo": "nixos-hardware",
        "type": "github"
      }
    },
    "nixpkgs": {
      "locked": {
        "lastModified": 1640319671,
        "narHash": "sha256-ZkKmakwaOaLiZOpIZWbeJZwap5CzJ30s4UJTfydYIYc=",
        "owner": "NixOS",
        "repo": "nixpkgs",
        "rev": "eac07edbd20ed4908b98790ba299250b5527ecdf",
        "type": "github"
      },
      "original": {
        "id": "nixpkgs",
        "ref": "nixos-unstable",
        "type": "indirect"
      }
    },
    "nixpkgs-julius": {
      "locked": {
        "lastModified": 1639382586,
        "narHash": "sha256-ig8hg3QR4Kb0ViluvIgfEzLTuZRc3pZ66DoiaSmXzTI=",
        "owner": "pimeys",
        "repo": "nixpkgs",
        "rev": "cf50c54442f0b838e000814b24d7a058d22d66c1",
        "type": "github"
      },
      "original": {
        "owner": "pimeys",
        "ref": "emacs-tree-sitter/link-grammars",
        "repo": "nixpkgs",
        "type": "github"
      }
    },
    "nixpkgs-lsp": {
      "locked": {
        "lastModified": 1640106614,
        "narHash": "sha256-pyFOmsQCvxUSkdsrWrIdrPl41am9wc3UZCqHUZH+WLY=",
        "owner": "pimeys",
        "repo": "nixpkgs",
        "rev": "c75af0683fefc46dadf955028c05e2e4a2763cf9",
        "type": "github"
      },
      "original": {
        "owner": "pimeys",
        "ref": "prisma-language-server-3.7.0",
        "repo": "nixpkgs",
        "type": "github"
      }
    },
    "nixpkgs-master": {
      "locked": {
        "lastModified": 1640429852,
        "narHash": "sha256-U0YNYtrkQPYPMx/TruUA7U/U22ufsb4Dz58siyvTDRo=",
        "owner": "NixOS",
        "repo": "nixpkgs",
        "rev": "a69c671526751aa1fd377dd0d626b74bd9da0a78",
        "type": "github"
      },
      "original": {
        "id": "nixpkgs",
        "ref": "master",
        "type": "indirect"
      }
    },
    "nixpkgs-wayland": {
      "inputs": {
        "cachix": "cachix",
        "nixpkgs": [
          "nixpkgs"
        ]
      },
      "locked": {
        "lastModified": 1640387278,
        "narHash": "sha256-8bLZfs9aOHWR12HaUYz+4IC0zPo8SnqntDVN6Bb0XcM=",
        "owner": "nix-community",
        "repo": "nixpkgs-wayland",
        "rev": "1ffd1e219ef9ef8fa70fe4d0ce4b385ef48ba633",
        "type": "github"
      },
      "original": {
        "owner": "nix-community",
        "repo": "nixpkgs-wayland",
        "type": "github"
      }
    },
    "nur": {
      "locked": {
        "lastModified": 1640428145,
        "narHash": "sha256-GTzu4NxMGiBrfPE6uWycHojqCUmhCWwOrdS0Y0/JU60=",
        "owner": "nix-community",
        "repo": "NUR",
        "rev": "a3425a69ea42ce9360d728246f298ddb905f342c",
        "type": "github"
      },
      "original": {
        "owner": "nix-community",
        "repo": "NUR",
        "type": "github"
      }
    },
    "root": {
      "inputs": {
        "home-manager": "home-manager",
        "nixos-hardware": "nixos-hardware",
        "nixpkgs": "nixpkgs",
        "nixpkgs-julius": "nixpkgs-julius",
        "nixpkgs-lsp": "nixpkgs-lsp",
        "nixpkgs-master": "nixpkgs-master",
        "nixpkgs-wayland": "nixpkgs-wayland",
        "nur": "nur",
        "rust-overlay": "rust-overlay"
      }
    },
    "rust-overlay": {
      "inputs": {
        "flake-utils": "flake-utils",
        "nixpkgs": [
          "nixpkgs"
        ]
      },
      "locked": {
        "lastModified": 1640400025,
        "narHash": "sha256-70lwBavskxJqPdD0TPoZMvpJHN6HTz7zZZ6FCROYxhk=",
        "owner": "oxalica",
        "repo": "rust-overlay",
        "rev": "c46393bed399d74b709e74dc253b6c73914b8988",
        "type": "github"
      },
      "original": {
        "owner": "oxalica",
        "repo": "rust-overlay",
        "type": "github"
      }
    }
  },
  "root": "root",
  "version": 7
}
